
Microsoft Visual Studio Solution File, Format Version 12.00
# Visual Studio Version 16
VisualStudioVersion = 16.0.33423.256
MinimumVisualStudioVersion = 10.0.40219.1
Project("{FAE04EC0-301F-11D3-BF4B-00C04F79EFBC}") = "MethodOverloadNamed", "MethodOverloadNamed\MethodOverloadNamed.csproj", "{D185087B-D1B3-43A5-B9C5-9D5E13E68FB6}"
EndProject
Global
	GlobalSection(SolutionConfigurationPlatforms) = preSolution
		Debug|Any CPU = Debug|Any CPU
		Release|Any CPU = Release|Any CPU
	EndGlobalSection
	GlobalSection(ProjectConfigurationPlatforms) = postSolution
		{D185087B-D1B3-43A5-B9C5-9D5E13E68FB6}.Debug|Any CPU.ActiveCfg = Debug|Any CPU
		{D185087B-D1B3-43A5-B9C5-9D5E13E68FB6}.Debug|Any CPU.Build.0 = Debug|Any CPU
		{D185087B-D1B3-43A5-B9C5-9D5E13E68FB6}.Release|Any CPU.ActiveCfg = Release|Any CPU
		{D185087B-D1B3-43A5-B9C5-9D5E13E68FB6}.Release|Any CPU.Build.0 = Release|Any CPU
	EndGlobalSection
	GlobalSection(SolutionProperties) = preSolution
		HideSolutionNode = FALSE
	EndGlobalSection
	GlobalSection(ExtensibilityGlobals) = postSolution
		SolutionGuid = {B7862954-7E31-4AF1-B308-32B87C10FF99}
	EndGlobalSection
EndGlobal
