
Microsoft Visual Studio Solution File, Format Version 12.00
# Visual Studio Version 16
VisualStudioVersion = 16.0.33423.256
MinimumVisualStudioVersion = 10.0.40219.1
Project("{FAE04EC0-301F-11D3-BF4B-00C04F79EFBC}") = "LogicalOperator", "LogicalOperator\LogicalOperator.csproj", "{C2344F5E-FA03-4022-A76D-3E3446B641CB}"
EndProject
Global
	GlobalSection(SolutionConfigurationPlatforms) = preSolution
		Debug|Any CPU = Debug|Any CPU
		Release|Any CPU = Release|Any CPU
	EndGlobalSection
	GlobalSection(ProjectConfigurationPlatforms) = postSolution
		{C2344F5E-FA03-4022-A76D-3E3446B641CB}.Debug|Any CPU.ActiveCfg = Debug|Any CPU
		{C2344F5E-FA03-4022-A76D-3E3446B641CB}.Debug|Any CPU.Build.0 = Debug|Any CPU
		{C2344F5E-FA03-4022-A76D-3E3446B641CB}.Release|Any CPU.ActiveCfg = Release|Any CPU
		{C2344F5E-FA03-4022-A76D-3E3446B641CB}.Release|Any CPU.Build.0 = Release|Any CPU
	EndGlobalSection
	GlobalSection(SolutionProperties) = preSolution
		HideSolutionNode = FALSE
	EndGlobalSection
	GlobalSection(ExtensibilityGlobals) = postSolution
		SolutionGuid = {E60A24DB-2B17-4FC5-8BEC-304D6E0C3C3B}
	EndGlobalSection
EndGlobal
