
Microsoft Visual Studio Solution File, Format Version 12.00
# Visual Studio Version 16
VisualStudioVersion = 16.0.33423.256
MinimumVisualStudioVersion = 10.0.40219.1
Project("{FAE04EC0-301F-11D3-BF4B-00C04F79EFBC}") = "RelationOperator", "RelationOperator\RelationOperator.csproj", "{177E99FE-51BC-439E-9C75-35DC276FBBCB}"
EndProject
Global
	GlobalSection(SolutionConfigurationPlatforms) = preSolution
		Debug|Any CPU = Debug|Any CPU
		Release|Any CPU = Release|Any CPU
	EndGlobalSection
	GlobalSection(ProjectConfigurationPlatforms) = postSolution
		{177E99FE-51BC-439E-9C75-35DC276FBBCB}.Debug|Any CPU.ActiveCfg = Debug|Any CPU
		{177E99FE-51BC-439E-9C75-35DC276FBBCB}.Debug|Any CPU.Build.0 = Debug|Any CPU
		{177E99FE-51BC-439E-9C75-35DC276FBBCB}.Release|Any CPU.ActiveCfg = Release|Any CPU
		{177E99FE-51BC-439E-9C75-35DC276FBBCB}.Release|Any CPU.Build.0 = Release|Any CPU
	EndGlobalSection
	GlobalSection(SolutionProperties) = preSolution
		HideSolutionNode = FALSE
	EndGlobalSection
	GlobalSection(ExtensibilityGlobals) = postSolution
		SolutionGuid = {949A3062-E4A2-4927-B3B3-61A4B3F82861}
	EndGlobalSection
EndGlobal
