
Microsoft Visual Studio Solution File, Format Version 12.00
# Visual Studio Version 16
VisualStudioVersion = 16.0.33423.256
MinimumVisualStudioVersion = 10.0.40219.1
Project("{FAE04EC0-301F-11D3-BF4B-00C04F79EFBC}") = "FunctionNote", "FunctionNote\FunctionNote.csproj", "{19574E6A-44B5-4E6B-8689-89FF0093E325}"
EndProject
Global
	GlobalSection(SolutionConfigurationPlatforms) = preSolution
		Debug|Any CPU = Debug|Any CPU
		Release|Any CPU = Release|Any CPU
	EndGlobalSection
	GlobalSection(ProjectConfigurationPlatforms) = postSolution
		{19574E6A-44B5-4E6B-8689-89FF0093E325}.Debug|Any CPU.ActiveCfg = Debug|Any CPU
		{19574E6A-44B5-4E6B-8689-89FF0093E325}.Debug|Any CPU.Build.0 = Debug|Any CPU
		{19574E6A-44B5-4E6B-8689-89FF0093E325}.Release|Any CPU.ActiveCfg = Release|Any CPU
		{19574E6A-44B5-4E6B-8689-89FF0093E325}.Release|Any CPU.Build.0 = Release|Any CPU
	EndGlobalSection
	GlobalSection(SolutionProperties) = preSolution
		HideSolutionNode = FALSE
	EndGlobalSection
	GlobalSection(ExtensibilityGlobals) = postSolution
		SolutionGuid = {B78B03A0-906E-4C95-8F6B-2953A1DD5FAF}
	EndGlobalSection
EndGlobal
