
Microsoft Visual Studio Solution File, Format Version 12.00
# Visual Studio Version 17
VisualStudioVersion = 17.5.33530.505
MinimumVisualStudioVersion = 10.0.40219.1
Project("{FAE04EC0-301F-11D3-BF4B-00C04F79EFBC}") = "WpfOracleTest3", "WpfOracleTest3\WpfOracleTest3.csproj", "{3D182222-9199-4025-A1BC-7C0DFBAA1D8E}"
EndProject
Global
	GlobalSection(SolutionConfigurationPlatforms) = preSolution
		Debug|Any CPU = Debug|Any CPU
		Release|Any CPU = Release|Any CPU
	EndGlobalSection
	GlobalSection(ProjectConfigurationPlatforms) = postSolution
		{3D182222-9199-4025-A1BC-7C0DFBAA1D8E}.Debug|Any CPU.ActiveCfg = Debug|Any CPU
		{3D182222-9199-4025-A1BC-7C0DFBAA1D8E}.Debug|Any CPU.Build.0 = Debug|Any CPU
		{3D182222-9199-4025-A1BC-7C0DFBAA1D8E}.Release|Any CPU.ActiveCfg = Release|Any CPU
		{3D182222-9199-4025-A1BC-7C0DFBAA1D8E}.Release|Any CPU.Build.0 = Release|Any CPU
	EndGlobalSection
	GlobalSection(SolutionProperties) = preSolution
		HideSolutionNode = FALSE
	EndGlobalSection
	GlobalSection(ExtensibilityGlobals) = postSolution
		SolutionGuid = {EA80FF33-FC01-4A40-B558-D91497FCBB18}
	EndGlobalSection
EndGlobal
