
Microsoft Visual Studio Solution File, Format Version 12.00
# Visual Studio Version 16
VisualStudioVersion = 16.0.33423.256
MinimumVisualStudioVersion = 10.0.40219.1
Project("{FAE04EC0-301F-11D3-BF4B-00C04F79EFBC}") = "Continue", "Continue\Continue.csproj", "{6CA0551F-3247-4552-843F-DFDB88CA4B95}"
EndProject
Global
	GlobalSection(SolutionConfigurationPlatforms) = preSolution
		Debug|Any CPU = Debug|Any CPU
		Release|Any CPU = Release|Any CPU
	EndGlobalSection
	GlobalSection(ProjectConfigurationPlatforms) = postSolution
		{6CA0551F-3247-4552-843F-DFDB88CA4B95}.Debug|Any CPU.ActiveCfg = Debug|Any CPU
		{6CA0551F-3247-4552-843F-DFDB88CA4B95}.Debug|Any CPU.Build.0 = Debug|Any CPU
		{6CA0551F-3247-4552-843F-DFDB88CA4B95}.Release|Any CPU.ActiveCfg = Release|Any CPU
		{6CA0551F-3247-4552-843F-DFDB88CA4B95}.Release|Any CPU.Build.0 = Release|Any CPU
	EndGlobalSection
	GlobalSection(SolutionProperties) = preSolution
		HideSolutionNode = FALSE
	EndGlobalSection
	GlobalSection(ExtensibilityGlobals) = postSolution
		SolutionGuid = {B722343A-D436-4246-B6AF-B8DFF5A53800}
	EndGlobalSection
EndGlobal
