
Microsoft Visual Studio Solution File, Format Version 12.00
# Visual Studio Version 16
VisualStudioVersion = 16.0.33423.256
MinimumVisualStudioVersion = 10.0.40219.1
Project("{FAE04EC0-301F-11D3-BF4B-00C04F79EFBC}") = "InterFaceDemo", "InterFaceDemo\InterFaceDemo.csproj", "{5BC13D01-C88F-439D-AE3F-59C7E10D2ED8}"
EndProject
Global
	GlobalSection(SolutionConfigurationPlatforms) = preSolution
		Debug|Any CPU = Debug|Any CPU
		Release|Any CPU = Release|Any CPU
	EndGlobalSection
	GlobalSection(ProjectConfigurationPlatforms) = postSolution
		{5BC13D01-C88F-439D-AE3F-59C7E10D2ED8}.Debug|Any CPU.ActiveCfg = Debug|Any CPU
		{5BC13D01-C88F-439D-AE3F-59C7E10D2ED8}.Debug|Any CPU.Build.0 = Debug|Any CPU
		{5BC13D01-C88F-439D-AE3F-59C7E10D2ED8}.Release|Any CPU.ActiveCfg = Release|Any CPU
		{5BC13D01-C88F-439D-AE3F-59C7E10D2ED8}.Release|Any CPU.Build.0 = Release|Any CPU
	EndGlobalSection
	GlobalSection(SolutionProperties) = preSolution
		HideSolutionNode = FALSE
	EndGlobalSection
	GlobalSection(ExtensibilityGlobals) = postSolution
		SolutionGuid = {382CC108-3AFE-4AAF-9BA8-6AE365FE5DC2}
	EndGlobalSection
EndGlobal
