
Microsoft Visual Studio Solution File, Format Version 12.00
# Visual Studio Version 16
VisualStudioVersion = 16.0.33423.256
MinimumVisualStudioVersion = 10.0.40219.1
Project("{FAE04EC0-301F-11D3-BF4B-00C04F79EFBC}") = "ReadLineNote", "ReadLineNote\ReadLineNote.csproj", "{F26BF366-6A8B-4D7B-A6AB-F76E9F3F67EC}"
EndProject
Global
	GlobalSection(SolutionConfigurationPlatforms) = preSolution
		Debug|Any CPU = Debug|Any CPU
		Release|Any CPU = Release|Any CPU
	EndGlobalSection
	GlobalSection(ProjectConfigurationPlatforms) = postSolution
		{F26BF366-6A8B-4D7B-A6AB-F76E9F3F67EC}.Debug|Any CPU.ActiveCfg = Debug|Any CPU
		{F26BF366-6A8B-4D7B-A6AB-F76E9F3F67EC}.Debug|Any CPU.Build.0 = Debug|Any CPU
		{F26BF366-6A8B-4D7B-A6AB-F76E9F3F67EC}.Release|Any CPU.ActiveCfg = Release|Any CPU
		{F26BF366-6A8B-4D7B-A6AB-F76E9F3F67EC}.Release|Any CPU.Build.0 = Release|Any CPU
	EndGlobalSection
	GlobalSection(SolutionProperties) = preSolution
		HideSolutionNode = FALSE
	EndGlobalSection
	GlobalSection(ExtensibilityGlobals) = postSolution
		SolutionGuid = {BFFB412E-B036-42D5-AA4E-58E8334DA78E}
	EndGlobalSection
EndGlobal
