
Microsoft Visual Studio Solution File, Format Version 12.00
# Visual Studio Version 16
VisualStudioVersion = 16.0.33423.256
MinimumVisualStudioVersion = 10.0.40219.1
Project("{FAE04EC0-301F-11D3-BF4B-00C04F79EFBC}") = "ThreadNote", "ThreadNote\ThreadNote.csproj", "{90C3F313-DD45-4862-A46E-582A8A40DF75}"
EndProject
Global
	GlobalSection(SolutionConfigurationPlatforms) = preSolution
		Debug|Any CPU = Debug|Any CPU
		Release|Any CPU = Release|Any CPU
	EndGlobalSection
	GlobalSection(ProjectConfigurationPlatforms) = postSolution
		{90C3F313-DD45-4862-A46E-582A8A40DF75}.Debug|Any CPU.ActiveCfg = Debug|Any CPU
		{90C3F313-DD45-4862-A46E-582A8A40DF75}.Debug|Any CPU.Build.0 = Debug|Any CPU
		{90C3F313-DD45-4862-A46E-582A8A40DF75}.Release|Any CPU.ActiveCfg = Release|Any CPU
		{90C3F313-DD45-4862-A46E-582A8A40DF75}.Release|Any CPU.Build.0 = Release|Any CPU
	EndGlobalSection
	GlobalSection(SolutionProperties) = preSolution
		HideSolutionNode = FALSE
	EndGlobalSection
	GlobalSection(ExtensibilityGlobals) = postSolution
		SolutionGuid = {E35726F5-8FC0-4DD4-90AE-F5AC9751D987}
	EndGlobalSection
EndGlobal
