
Microsoft Visual Studio Solution File, Format Version 12.00
# Visual Studio Version 16
VisualStudioVersion = 16.0.33423.256
MinimumVisualStudioVersion = 10.0.40219.1
Project("{FAE04EC0-301F-11D3-BF4B-00C04F79EFBC}") = "PatternMatchingWithSwitch", "PatternMatchingWithSwitch\PatternMatchingWithSwitch.csproj", "{8E38DA15-62E5-4DAD-B693-AED0A7AD5442}"
EndProject
Global
	GlobalSection(SolutionConfigurationPlatforms) = preSolution
		Debug|Any CPU = Debug|Any CPU
		Release|Any CPU = Release|Any CPU
	EndGlobalSection
	GlobalSection(ProjectConfigurationPlatforms) = postSolution
		{8E38DA15-62E5-4DAD-B693-AED0A7AD5442}.Debug|Any CPU.ActiveCfg = Debug|Any CPU
		{8E38DA15-62E5-4DAD-B693-AED0A7AD5442}.Debug|Any CPU.Build.0 = Debug|Any CPU
		{8E38DA15-62E5-4DAD-B693-AED0A7AD5442}.Release|Any CPU.ActiveCfg = Release|Any CPU
		{8E38DA15-62E5-4DAD-B693-AED0A7AD5442}.Release|Any CPU.Build.0 = Release|Any CPU
	EndGlobalSection
	GlobalSection(SolutionProperties) = preSolution
		HideSolutionNode = FALSE
	EndGlobalSection
	GlobalSection(ExtensibilityGlobals) = postSolution
		SolutionGuid = {9DB1AB16-45AB-41F3-BADB-191323EC7FBF}
	EndGlobalSection
EndGlobal
