
Microsoft Visual Studio Solution File, Format Version 12.00
# Visual Studio Version 16
VisualStudioVersion = 16.0.33423.256
MinimumVisualStudioVersion = 10.0.40219.1
Project("{FAE04EC0-301F-11D3-BF4B-00C04F79EFBC}") = "ControlStatement", "ControlStatement\ControlStatement.csproj", "{7EF15BA1-E0FC-418F-AE4E-10A3EC1F3CAE}"
EndProject
Global
	GlobalSection(SolutionConfigurationPlatforms) = preSolution
		Debug|Any CPU = Debug|Any CPU
		Release|Any CPU = Release|Any CPU
	EndGlobalSection
	GlobalSection(ProjectConfigurationPlatforms) = postSolution
		{7EF15BA1-E0FC-418F-AE4E-10A3EC1F3CAE}.Debug|Any CPU.ActiveCfg = Debug|Any CPU
		{7EF15BA1-E0FC-418F-AE4E-10A3EC1F3CAE}.Debug|Any CPU.Build.0 = Debug|Any CPU
		{7EF15BA1-E0FC-418F-AE4E-10A3EC1F3CAE}.Release|Any CPU.ActiveCfg = Release|Any CPU
		{7EF15BA1-E0FC-418F-AE4E-10A3EC1F3CAE}.Release|Any CPU.Build.0 = Release|Any CPU
	EndGlobalSection
	GlobalSection(SolutionProperties) = preSolution
		HideSolutionNode = FALSE
	EndGlobalSection
	GlobalSection(ExtensibilityGlobals) = postSolution
		SolutionGuid = {7C411F7D-8460-4E34-9AF1-9732AFE9161B}
	EndGlobalSection
EndGlobal
