
Microsoft Visual Studio Solution File, Format Version 12.00
# Visual Studio Version 16
VisualStudioVersion = 16.0.33423.256
MinimumVisualStudioVersion = 10.0.40219.1
Project("{FAE04EC0-301F-11D3-BF4B-00C04F79EFBC}") = "D.Trigger2", "D.Triger2\D.Trigger2.csproj", "{1181AB9A-6914-406D-A0C6-A42ED4001127}"
EndProject
Global
	GlobalSection(SolutionConfigurationPlatforms) = preSolution
		Debug|Any CPU = Debug|Any CPU
		Release|Any CPU = Release|Any CPU
	EndGlobalSection
	GlobalSection(ProjectConfigurationPlatforms) = postSolution
		{1181AB9A-6914-406D-A0C6-A42ED4001127}.Debug|Any CPU.ActiveCfg = Debug|Any CPU
		{1181AB9A-6914-406D-A0C6-A42ED4001127}.Debug|Any CPU.Build.0 = Debug|Any CPU
		{1181AB9A-6914-406D-A0C6-A42ED4001127}.Release|Any CPU.ActiveCfg = Release|Any CPU
		{1181AB9A-6914-406D-A0C6-A42ED4001127}.Release|Any CPU.Build.0 = Release|Any CPU
	EndGlobalSection
	GlobalSection(SolutionProperties) = preSolution
		HideSolutionNode = FALSE
	EndGlobalSection
	GlobalSection(ExtensibilityGlobals) = postSolution
		SolutionGuid = {AC984F89-A343-4A46-9C22-F0CFA9CD14BD}
	EndGlobalSection
EndGlobal
