
Microsoft Visual Studio Solution File, Format Version 12.00
# Visual Studio Version 16
VisualStudioVersion = 16.0.33423.256
MinimumVisualStudioVersion = 10.0.40219.1
Project("{FAE04EC0-301F-11D3-BF4B-00C04F79EFBC}") = "InterfaceNote", "InterfaceNote\InterfaceNote.csproj", "{16EBFE9D-F60E-4894-A04F-67EA068412DC}"
EndProject
Global
	GlobalSection(SolutionConfigurationPlatforms) = preSolution
		Debug|Any CPU = Debug|Any CPU
		Release|Any CPU = Release|Any CPU
	EndGlobalSection
	GlobalSection(ProjectConfigurationPlatforms) = postSolution
		{16EBFE9D-F60E-4894-A04F-67EA068412DC}.Debug|Any CPU.ActiveCfg = Debug|Any CPU
		{16EBFE9D-F60E-4894-A04F-67EA068412DC}.Debug|Any CPU.Build.0 = Debug|Any CPU
		{16EBFE9D-F60E-4894-A04F-67EA068412DC}.Release|Any CPU.ActiveCfg = Release|Any CPU
		{16EBFE9D-F60E-4894-A04F-67EA068412DC}.Release|Any CPU.Build.0 = Release|Any CPU
	EndGlobalSection
	GlobalSection(SolutionProperties) = preSolution
		HideSolutionNode = FALSE
	EndGlobalSection
	GlobalSection(ExtensibilityGlobals) = postSolution
		SolutionGuid = {F6496DEB-56E4-4D66-ADB8-266E1F44C8F7}
	EndGlobalSection
EndGlobal
