
Microsoft Visual Studio Solution File, Format Version 12.00
# Visual Studio Version 16
VisualStudioVersion = 16.0.33423.256
MinimumVisualStudioVersion = 10.0.40219.1
Project("{FAE04EC0-301F-11D3-BF4B-00C04F79EFBC}") = "DelegateSample", "DelegateSample\DelegateSample.csproj", "{5317D250-6D0F-4A1A-BF69-3AC8CF9FE568}"
EndProject
Global
	GlobalSection(SolutionConfigurationPlatforms) = preSolution
		Debug|Any CPU = Debug|Any CPU
		Release|Any CPU = Release|Any CPU
	EndGlobalSection
	GlobalSection(ProjectConfigurationPlatforms) = postSolution
		{5317D250-6D0F-4A1A-BF69-3AC8CF9FE568}.Debug|Any CPU.ActiveCfg = Debug|Any CPU
		{5317D250-6D0F-4A1A-BF69-3AC8CF9FE568}.Debug|Any CPU.Build.0 = Debug|Any CPU
		{5317D250-6D0F-4A1A-BF69-3AC8CF9FE568}.Release|Any CPU.ActiveCfg = Release|Any CPU
		{5317D250-6D0F-4A1A-BF69-3AC8CF9FE568}.Release|Any CPU.Build.0 = Release|Any CPU
	EndGlobalSection
	GlobalSection(SolutionProperties) = preSolution
		HideSolutionNode = FALSE
	EndGlobalSection
	GlobalSection(ExtensibilityGlobals) = postSolution
		SolutionGuid = {D60A9AC7-EE4B-408C-92D3-B31A49A1C338}
	EndGlobalSection
EndGlobal
