
Microsoft Visual Studio Solution File, Format Version 12.00
# Visual Studio Version 16
VisualStudioVersion = 16.0.33423.256
MinimumVisualStudioVersion = 10.0.40219.1
Project("{FAE04EC0-301F-11D3-BF4B-00C04F79EFBC}") = "PrefixOperator", "PrefixOperator\PrefixOperator.csproj", "{6810EDAD-1FC6-403F-8F02-6B3CAF3697A6}"
EndProject
Global
	GlobalSection(SolutionConfigurationPlatforms) = preSolution
		Debug|Any CPU = Debug|Any CPU
		Release|Any CPU = Release|Any CPU
	EndGlobalSection
	GlobalSection(ProjectConfigurationPlatforms) = postSolution
		{6810EDAD-1FC6-403F-8F02-6B3CAF3697A6}.Debug|Any CPU.ActiveCfg = Debug|Any CPU
		{6810EDAD-1FC6-403F-8F02-6B3CAF3697A6}.Debug|Any CPU.Build.0 = Debug|Any CPU
		{6810EDAD-1FC6-403F-8F02-6B3CAF3697A6}.Release|Any CPU.ActiveCfg = Release|Any CPU
		{6810EDAD-1FC6-403F-8F02-6B3CAF3697A6}.Release|Any CPU.Build.0 = Release|Any CPU
	EndGlobalSection
	GlobalSection(SolutionProperties) = preSolution
		HideSolutionNode = FALSE
	EndGlobalSection
	GlobalSection(ExtensibilityGlobals) = postSolution
		SolutionGuid = {BE38256F-1F58-42BB-B4CE-679BBF9BF02B}
	EndGlobalSection
EndGlobal
