
Microsoft Visual Studio Solution File, Format Version 12.00
# Visual Studio Version 16
VisualStudioVersion = 16.0.33423.256
MinimumVisualStudioVersion = 10.0.40219.1
Project("{FAE04EC0-301F-11D3-BF4B-00C04F79EFBC}") = "Nulltest", "Nulltest\Nulltest.csproj", "{264CEDBE-B6AE-49FC-A165-FBAFF09BC8E3}"
EndProject
Global
	GlobalSection(SolutionConfigurationPlatforms) = preSolution
		Debug|Any CPU = Debug|Any CPU
		Release|Any CPU = Release|Any CPU
	EndGlobalSection
	GlobalSection(ProjectConfigurationPlatforms) = postSolution
		{264CEDBE-B6AE-49FC-A165-FBAFF09BC8E3}.Debug|Any CPU.ActiveCfg = Debug|Any CPU
		{264CEDBE-B6AE-49FC-A165-FBAFF09BC8E3}.Debug|Any CPU.Build.0 = Debug|Any CPU
		{264CEDBE-B6AE-49FC-A165-FBAFF09BC8E3}.Release|Any CPU.ActiveCfg = Release|Any CPU
		{264CEDBE-B6AE-49FC-A165-FBAFF09BC8E3}.Release|Any CPU.Build.0 = Release|Any CPU
	EndGlobalSection
	GlobalSection(SolutionProperties) = preSolution
		HideSolutionNode = FALSE
	EndGlobalSection
	GlobalSection(ExtensibilityGlobals) = postSolution
		SolutionGuid = {14416F8E-BD22-4B57-88F4-39393FF73996}
	EndGlobalSection
EndGlobal
