
Microsoft Visual Studio Solution File, Format Version 12.00
# Visual Studio Version 16
VisualStudioVersion = 16.0.33423.256
MinimumVisualStudioVersion = 10.0.40219.1
Project("{FAE04EC0-301F-11D3-BF4B-00C04F79EFBC}") = "SeeSharpNine", "SeeSharpNine\SeeSharpNine.csproj", "{2700DC50-E358-4A61-BAD9-830951F422C9}"
EndProject
Global
	GlobalSection(SolutionConfigurationPlatforms) = preSolution
		Debug|Any CPU = Debug|Any CPU
		Release|Any CPU = Release|Any CPU
	EndGlobalSection
	GlobalSection(ProjectConfigurationPlatforms) = postSolution
		{2700DC50-E358-4A61-BAD9-830951F422C9}.Debug|Any CPU.ActiveCfg = Debug|Any CPU
		{2700DC50-E358-4A61-BAD9-830951F422C9}.Debug|Any CPU.Build.0 = Debug|Any CPU
		{2700DC50-E358-4A61-BAD9-830951F422C9}.Release|Any CPU.ActiveCfg = Release|Any CPU
		{2700DC50-E358-4A61-BAD9-830951F422C9}.Release|Any CPU.Build.0 = Release|Any CPU
	EndGlobalSection
	GlobalSection(SolutionProperties) = preSolution
		HideSolutionNode = FALSE
	EndGlobalSection
	GlobalSection(ExtensibilityGlobals) = postSolution
		SolutionGuid = {E43FEBED-58AD-484C-8A11-981A09863444}
	EndGlobalSection
EndGlobal
